
Microsoft Visual Studio Solution File, Format Version 12.00
# Visual Studio Version 17
VisualStudioVersion = 17.8.34309.116
MinimumVisualStudioVersion = 10.0.40219.1
Project("{FAE04EC0-301F-11D3-BF4B-00C04F79EFBC}") = "Project1_PatinTheButton", "Project1_PatinTheButton\Project1_PatinTheButton.csproj", "{7F76DC6A-C5AA-4F42-8E44-28E18A4859F7}"
EndProject
Project("{FAE04EC0-301F-11D3-BF4B-00C04F79EFBC}") = "Project2_PlayJeuDeTacquin", "Project2_PlayJeuDeTacquin\Project2_PlayJeuDeTacquin.csproj", "{100C6249-FB46-4AC2-9C29-0148584AB562}"
EndProject
Global
	GlobalSection(SolutionConfigurationPlatforms) = preSolution
		Debug|Any CPU = Debug|Any CPU
		Release|Any CPU = Release|Any CPU
	EndGlobalSection
	GlobalSection(ProjectConfigurationPlatforms) = postSolution
		{7F76DC6A-C5AA-4F42-8E44-28E18A4859F7}.Debug|Any CPU.ActiveCfg = Debug|Any CPU
		{7F76DC6A-C5AA-4F42-8E44-28E18A4859F7}.Debug|Any CPU.Build.0 = Debug|Any CPU
		{7F76DC6A-C5AA-4F42-8E44-28E18A4859F7}.Release|Any CPU.ActiveCfg = Release|Any CPU
		{7F76DC6A-C5AA-4F42-8E44-28E18A4859F7}.Release|Any CPU.Build.0 = Release|Any CPU
		{100C6249-FB46-4AC2-9C29-0148584AB562}.Debug|Any CPU.ActiveCfg = Debug|Any CPU
		{100C6249-FB46-4AC2-9C29-0148584AB562}.Debug|Any CPU.Build.0 = Debug|Any CPU
		{100C6249-FB46-4AC2-9C29-0148584AB562}.Release|Any CPU.ActiveCfg = Release|Any CPU
		{100C6249-FB46-4AC2-9C29-0148584AB562}.Release|Any CPU.Build.0 = Release|Any CPU
	EndGlobalSection
	GlobalSection(SolutionProperties) = preSolution
		HideSolutionNode = FALSE
	EndGlobalSection
	GlobalSection(ExtensibilityGlobals) = postSolution
		SolutionGuid = {C61E8587-68CC-4D79-B1C2-FFB7AF45601D}
	EndGlobalSection
EndGlobal
