
Microsoft Visual Studio Solution File, Format Version 12.00
# Visual Studio Version 17
VisualStudioVersion = 17.8.34309.116
MinimumVisualStudioVersion = 10.0.40219.1
Project("{FAE04EC0-301F-11D3-BF4B-00C04F79EFBC}") = "Project1_EncloseElementInEllipse", "Project1_EncloseElementInEllipse\Project1_EncloseElementInEllipse.csproj", "{A28BDA09-77EB-42F6-875E-253C3062DCEA}"
EndProject
Project("{FAE04EC0-301F-11D3-BF4B-00C04F79EFBC}") = "Project2_CalculateInHex", "Project2_CalculateInHex\Project2_CalculateInHex.csproj", "{C77FAC78-1274-4A9A-9253-2903B68278D7}"
EndProject
Project("{FAE04EC0-301F-11D3-BF4B-00C04F79EFBC}") = "Project3_BuildButtonFactory", "Project3_BuildButtonFactory\Project3_BuildButtonFactory.csproj", "{26118298-7CDF-4F3C-8795-96219D2DCC0D}"
EndProject
Project("{FAE04EC0-301F-11D3-BF4B-00C04F79EFBC}") = "Project4_SelectColor", "Project4_SelectColor\Project4_SelectColor.csproj", "{78D322DD-E4E6-4BED-B2F9-BEF448CC6C70}"
EndProject
Global
	GlobalSection(SolutionConfigurationPlatforms) = preSolution
		Debug|Any CPU = Debug|Any CPU
		Release|Any CPU = Release|Any CPU
	EndGlobalSection
	GlobalSection(ProjectConfigurationPlatforms) = postSolution
		{A28BDA09-77EB-42F6-875E-253C3062DCEA}.Debug|Any CPU.ActiveCfg = Debug|Any CPU
		{A28BDA09-77EB-42F6-875E-253C3062DCEA}.Debug|Any CPU.Build.0 = Debug|Any CPU
		{A28BDA09-77EB-42F6-875E-253C3062DCEA}.Release|Any CPU.ActiveCfg = Release|Any CPU
		{A28BDA09-77EB-42F6-875E-253C3062DCEA}.Release|Any CPU.Build.0 = Release|Any CPU
		{C77FAC78-1274-4A9A-9253-2903B68278D7}.Debug|Any CPU.ActiveCfg = Debug|Any CPU
		{C77FAC78-1274-4A9A-9253-2903B68278D7}.Debug|Any CPU.Build.0 = Debug|Any CPU
		{C77FAC78-1274-4A9A-9253-2903B68278D7}.Release|Any CPU.ActiveCfg = Release|Any CPU
		{C77FAC78-1274-4A9A-9253-2903B68278D7}.Release|Any CPU.Build.0 = Release|Any CPU
		{26118298-7CDF-4F3C-8795-96219D2DCC0D}.Debug|Any CPU.ActiveCfg = Debug|Any CPU
		{26118298-7CDF-4F3C-8795-96219D2DCC0D}.Debug|Any CPU.Build.0 = Debug|Any CPU
		{26118298-7CDF-4F3C-8795-96219D2DCC0D}.Release|Any CPU.ActiveCfg = Release|Any CPU
		{26118298-7CDF-4F3C-8795-96219D2DCC0D}.Release|Any CPU.Build.0 = Release|Any CPU
		{78D322DD-E4E6-4BED-B2F9-BEF448CC6C70}.Debug|Any CPU.ActiveCfg = Debug|Any CPU
		{78D322DD-E4E6-4BED-B2F9-BEF448CC6C70}.Debug|Any CPU.Build.0 = Debug|Any CPU
		{78D322DD-E4E6-4BED-B2F9-BEF448CC6C70}.Release|Any CPU.ActiveCfg = Release|Any CPU
		{78D322DD-E4E6-4BED-B2F9-BEF448CC6C70}.Release|Any CPU.Build.0 = Release|Any CPU
	EndGlobalSection
	GlobalSection(SolutionProperties) = preSolution
		HideSolutionNode = FALSE
	EndGlobalSection
	GlobalSection(ExtensibilityGlobals) = postSolution
		SolutionGuid = {638284E6-27AF-40F7-9908-D7B0CD565E55}
	EndGlobalSection
EndGlobal
