
Microsoft Visual Studio Solution File, Format Version 12.00
# Visual Studio Version 17
VisualStudioVersion = 17.8.34309.116
MinimumVisualStudioVersion = 10.0.40219.1
Project("{FAE04EC0-301F-11D3-BF4B-00C04F79EFBC}") = "Project1_PrintEllipse", "Project1_PrintEllipse\Project1_PrintEllipse.csproj", "{5D49EC43-382C-44FC-A887-5103AEACB1C6}"
EndProject
Project("{FAE04EC0-301F-11D3-BF4B-00C04F79EFBC}") = "Project2_PrintWithMargins", "Project2_PrintWithMargins\Project2_PrintWithMargins.csproj", "{AA8A77DF-490C-438C-A34B-76EBE870A30B}"
EndProject
Project("{FAE04EC0-301F-11D3-BF4B-00C04F79EFBC}") = "Project3_PrintaBunchaButtons", "Project3_PrintaBunchaButtons\Project3_PrintaBunchaButtons.csproj", "{39BEE0FE-711A-4AB0-B77F-404E0AD36DF9}"
EndProject
Project("{FAE04EC0-301F-11D3-BF4B-00C04F79EFBC}") = "Project4_PrintBanner", "Project4_PrintBanner\Project4_PrintBanner.csproj", "{401620A4-695B-4208-A45D-61028034CE10}"
EndProject
Project("{FAE04EC0-301F-11D3-BF4B-00C04F79EFBC}") = "Project5_ChooseFont", "Project5_ChooseFont\Project5_ChooseFont.csproj", "{7E715975-52AA-407F-A74E-0B30F717B76B}"
EndProject
Project("{FAE04EC0-301F-11D3-BF4B-00C04F79EFBC}") = "Project6_PrintBetterBanner", "Project6_PrintBetterBanner\Project6_PrintBetterBanner.csproj", "{648B0DB2-B66D-4E34-A3C1-B57D3AAA0D38}"
EndProject
Global
	GlobalSection(SolutionConfigurationPlatforms) = preSolution
		Debug|Any CPU = Debug|Any CPU
		Release|Any CPU = Release|Any CPU
	EndGlobalSection
	GlobalSection(ProjectConfigurationPlatforms) = postSolution
		{5D49EC43-382C-44FC-A887-5103AEACB1C6}.Debug|Any CPU.ActiveCfg = Debug|Any CPU
		{5D49EC43-382C-44FC-A887-5103AEACB1C6}.Debug|Any CPU.Build.0 = Debug|Any CPU
		{5D49EC43-382C-44FC-A887-5103AEACB1C6}.Release|Any CPU.ActiveCfg = Release|Any CPU
		{5D49EC43-382C-44FC-A887-5103AEACB1C6}.Release|Any CPU.Build.0 = Release|Any CPU
		{AA8A77DF-490C-438C-A34B-76EBE870A30B}.Debug|Any CPU.ActiveCfg = Debug|Any CPU
		{AA8A77DF-490C-438C-A34B-76EBE870A30B}.Debug|Any CPU.Build.0 = Debug|Any CPU
		{AA8A77DF-490C-438C-A34B-76EBE870A30B}.Release|Any CPU.ActiveCfg = Release|Any CPU
		{AA8A77DF-490C-438C-A34B-76EBE870A30B}.Release|Any CPU.Build.0 = Release|Any CPU
		{39BEE0FE-711A-4AB0-B77F-404E0AD36DF9}.Debug|Any CPU.ActiveCfg = Debug|Any CPU
		{39BEE0FE-711A-4AB0-B77F-404E0AD36DF9}.Debug|Any CPU.Build.0 = Debug|Any CPU
		{39BEE0FE-711A-4AB0-B77F-404E0AD36DF9}.Release|Any CPU.ActiveCfg = Release|Any CPU
		{39BEE0FE-711A-4AB0-B77F-404E0AD36DF9}.Release|Any CPU.Build.0 = Release|Any CPU
		{401620A4-695B-4208-A45D-61028034CE10}.Debug|Any CPU.ActiveCfg = Debug|Any CPU
		{401620A4-695B-4208-A45D-61028034CE10}.Debug|Any CPU.Build.0 = Debug|Any CPU
		{401620A4-695B-4208-A45D-61028034CE10}.Release|Any CPU.ActiveCfg = Release|Any CPU
		{401620A4-695B-4208-A45D-61028034CE10}.Release|Any CPU.Build.0 = Release|Any CPU
		{7E715975-52AA-407F-A74E-0B30F717B76B}.Debug|Any CPU.ActiveCfg = Debug|Any CPU
		{7E715975-52AA-407F-A74E-0B30F717B76B}.Debug|Any CPU.Build.0 = Debug|Any CPU
		{7E715975-52AA-407F-A74E-0B30F717B76B}.Release|Any CPU.ActiveCfg = Release|Any CPU
		{7E715975-52AA-407F-A74E-0B30F717B76B}.Release|Any CPU.Build.0 = Release|Any CPU
		{648B0DB2-B66D-4E34-A3C1-B57D3AAA0D38}.Debug|Any CPU.ActiveCfg = Debug|Any CPU
		{648B0DB2-B66D-4E34-A3C1-B57D3AAA0D38}.Debug|Any CPU.Build.0 = Debug|Any CPU
		{648B0DB2-B66D-4E34-A3C1-B57D3AAA0D38}.Release|Any CPU.ActiveCfg = Release|Any CPU
		{648B0DB2-B66D-4E34-A3C1-B57D3AAA0D38}.Release|Any CPU.Build.0 = Release|Any CPU
	EndGlobalSection
	GlobalSection(SolutionProperties) = preSolution
		HideSolutionNode = FALSE
	EndGlobalSection
	GlobalSection(ExtensibilityGlobals) = postSolution
		SolutionGuid = {D73B8ACE-4482-40C0-85EE-8B4B8AF7BA69}
	EndGlobalSection
EndGlobal
